
Microsoft Visual Studio Solution File, Format Version 12.00
# Visual Studio Version 16
VisualStudioVersion = 16.0.34031.81
MinimumVisualStudioVersion = 10.0.40219.1
Project("{2150E333-8FDC-42A3-9474-1A3956D46DE8}") = "Task0", "Task0", "{F8D34251-3EAF-447D-90B6-49C145FAFD5A}"
EndProject
Project("{FAE04EC0-301F-11D3-BF4B-00C04F79EFBC}") = "Tyuiu.AvaevaPD.Sprint5.Task0.V6", "Tyuiu.AvaevaPD.Sprint5.Task0.V6\Tyuiu.AvaevaPD.Sprint5.Task0.V6.csproj", "{D834544C-38C2-44EA-A5D2-1BA321681BF1}"
EndProject
Project("{FAE04EC0-301F-11D3-BF4B-00C04F79EFBC}") = "Tyuiu.AvaevaPD.Sprint5.Task0.V6.Lib", "Tyuiu.AvaevaPD.Sprint5.Task0.V6.Lib\Tyuiu.AvaevaPD.Sprint5.Task0.V6.Lib.csproj", "{705170E0-BFD3-44B0-8E98-2AC2189534AE}"
EndProject
Project("{FAE04EC0-301F-11D3-BF4B-00C04F79EFBC}") = "Tyuiu.AvaevaPD.Sprint5.Task0.V6.Test", "Tyuiu.AvaevaPD.Sprint5.Task0.V6.Test\Tyuiu.AvaevaPD.Sprint5.Task0.V6.Test.csproj", "{770289E0-4BFD-4C19-9876-6DFDB35AF118}"
EndProject
Project("{2150E333-8FDC-42A3-9474-1A3956D46DE8}") = "Task1", "Task1", "{852ACA8A-C873-405F-9E88-223EB6DB38E4}"
EndProject
Project("{FAE04EC0-301F-11D3-BF4B-00C04F79EFBC}") = "Tyuiu.AvaevaPD.Sprint5.Task1.V14", "Tyuiu.AvaevaPD.Sprint5.Task1.V14\Tyuiu.AvaevaPD.Sprint5.Task1.V14.csproj", "{8504B398-9265-4F49-AB4B-7B2E3C208F69}"
EndProject
Project("{FAE04EC0-301F-11D3-BF4B-00C04F79EFBC}") = "Tyuiu.AvaevaPD.Sprint5.Task1.V14.Lib", "Tyuiu.AvaevaPD.Sprint5.Task1.V14.Lib\Tyuiu.AvaevaPD.Sprint5.Task1.V14.Lib.csproj", "{8E831BFA-9D00-4663-8D0F-7D1E118C3841}"
EndProject
Project("{FAE04EC0-301F-11D3-BF4B-00C04F79EFBC}") = "Tyuiu.AvaevaPD.Sprint5.Task1.V14.Test", "Tyuiu.AvaevaPD.Sprint5.Task1.V14.Test\Tyuiu.AvaevaPD.Sprint5.Task1.V14.Test.csproj", "{BA33D4F1-D118-4F07-91FD-6EBEFE4F3A3D}"
EndProject
Project("{2150E333-8FDC-42A3-9474-1A3956D46DE8}") = "Task2", "Task2", "{E1B4EE39-E03B-4B8F-9235-4769ACE4225F}"
EndProject
Project("{FAE04EC0-301F-11D3-BF4B-00C04F79EFBC}") = "Tyuiu.AvaevaPD.Sprint5.Task2.V13", "Tyuiu.AvaevaPD.Sprint5.Task2.V13\Tyuiu.AvaevaPD.Sprint5.Task2.V13.csproj", "{4B060859-FD92-44FA-BE65-E19424B094A7}"
EndProject
Project("{FAE04EC0-301F-11D3-BF4B-00C04F79EFBC}") = "Tyuiu.AvaevaPD.Sprint5.Task2.V13.Lib", "Tyuiu.AvaevaPD.Sprint5.Task2.V13.Lib\Tyuiu.AvaevaPD.Sprint5.Task2.V13.Lib.csproj", "{BECC901F-4CFD-43F9-8479-8C2966BD1292}"
EndProject
Project("{FAE04EC0-301F-11D3-BF4B-00C04F79EFBC}") = "Tyuiu.AvaevaPD.Sprint5.Task2.V13.Test", "Tyuiu.AvaevaPD.Sprint5.Task2.V13.Test\Tyuiu.AvaevaPD.Sprint5.Task2.V13.Test.csproj", "{5F6E7215-2E38-4233-A410-88C9E7F99452}"
EndProject
Global
	GlobalSection(SolutionConfigurationPlatforms) = preSolution
		Debug|Any CPU = Debug|Any CPU
		Release|Any CPU = Release|Any CPU
	EndGlobalSection
	GlobalSection(ProjectConfigurationPlatforms) = postSolution
		{D834544C-38C2-44EA-A5D2-1BA321681BF1}.Debug|Any CPU.ActiveCfg = Debug|Any CPU
		{D834544C-38C2-44EA-A5D2-1BA321681BF1}.Debug|Any CPU.Build.0 = Debug|Any CPU
		{D834544C-38C2-44EA-A5D2-1BA321681BF1}.Release|Any CPU.ActiveCfg = Release|Any CPU
		{D834544C-38C2-44EA-A5D2-1BA321681BF1}.Release|Any CPU.Build.0 = Release|Any CPU
		{705170E0-BFD3-44B0-8E98-2AC2189534AE}.Debug|Any CPU.ActiveCfg = Debug|Any CPU
		{705170E0-BFD3-44B0-8E98-2AC2189534AE}.Debug|Any CPU.Build.0 = Debug|Any CPU
		{705170E0-BFD3-44B0-8E98-2AC2189534AE}.Release|Any CPU.ActiveCfg = Release|Any CPU
		{705170E0-BFD3-44B0-8E98-2AC2189534AE}.Release|Any CPU.Build.0 = Release|Any CPU
		{770289E0-4BFD-4C19-9876-6DFDB35AF118}.Debug|Any CPU.ActiveCfg = Debug|Any CPU
		{770289E0-4BFD-4C19-9876-6DFDB35AF118}.Debug|Any CPU.Build.0 = Debug|Any CPU
		{770289E0-4BFD-4C19-9876-6DFDB35AF118}.Release|Any CPU.ActiveCfg = Release|Any CPU
		{770289E0-4BFD-4C19-9876-6DFDB35AF118}.Release|Any CPU.Build.0 = Release|Any CPU
		{8504B398-9265-4F49-AB4B-7B2E3C208F69}.Debug|Any CPU.ActiveCfg = Debug|Any CPU
		{8504B398-9265-4F49-AB4B-7B2E3C208F69}.Debug|Any CPU.Build.0 = Debug|Any CPU
		{8504B398-9265-4F49-AB4B-7B2E3C208F69}.Release|Any CPU.ActiveCfg = Release|Any CPU
		{8504B398-9265-4F49-AB4B-7B2E3C208F69}.Release|Any CPU.Build.0 = Release|Any CPU
		{8E831BFA-9D00-4663-8D0F-7D1E118C3841}.Debug|Any CPU.ActiveCfg = Debug|Any CPU
		{8E831BFA-9D00-4663-8D0F-7D1E118C3841}.Debug|Any CPU.Build.0 = Debug|Any CPU
		{8E831BFA-9D00-4663-8D0F-7D1E118C3841}.Release|Any CPU.ActiveCfg = Release|Any CPU
		{8E831BFA-9D00-4663-8D0F-7D1E118C3841}.Release|Any CPU.Build.0 = Release|Any CPU
		{BA33D4F1-D118-4F07-91FD-6EBEFE4F3A3D}.Debug|Any CPU.ActiveCfg = Debug|Any CPU
		{BA33D4F1-D118-4F07-91FD-6EBEFE4F3A3D}.Debug|Any CPU.Build.0 = Debug|Any CPU
		{BA33D4F1-D118-4F07-91FD-6EBEFE4F3A3D}.Release|Any CPU.ActiveCfg = Release|Any CPU
		{BA33D4F1-D118-4F07-91FD-6EBEFE4F3A3D}.Release|Any CPU.Build.0 = Release|Any CPU
		{4B060859-FD92-44FA-BE65-E19424B094A7}.Debug|Any CPU.ActiveCfg = Debug|Any CPU
		{4B060859-FD92-44FA-BE65-E19424B094A7}.Debug|Any CPU.Build.0 = Debug|Any CPU
		{4B060859-FD92-44FA-BE65-E19424B094A7}.Release|Any CPU.ActiveCfg = Release|Any CPU
		{4B060859-FD92-44FA-BE65-E19424B094A7}.Release|Any CPU.Build.0 = Release|Any CPU
		{BECC901F-4CFD-43F9-8479-8C2966BD1292}.Debug|Any CPU.ActiveCfg = Debug|Any CPU
		{BECC901F-4CFD-43F9-8479-8C2966BD1292}.Debug|Any CPU.Build.0 = Debug|Any CPU
		{BECC901F-4CFD-43F9-8479-8C2966BD1292}.Release|Any CPU.ActiveCfg = Release|Any CPU
		{BECC901F-4CFD-43F9-8479-8C2966BD1292}.Release|Any CPU.Build.0 = Release|Any CPU
		{5F6E7215-2E38-4233-A410-88C9E7F99452}.Debug|Any CPU.ActiveCfg = Debug|Any CPU
		{5F6E7215-2E38-4233-A410-88C9E7F99452}.Debug|Any CPU.Build.0 = Debug|Any CPU
		{5F6E7215-2E38-4233-A410-88C9E7F99452}.Release|Any CPU.ActiveCfg = Release|Any CPU
		{5F6E7215-2E38-4233-A410-88C9E7F99452}.Release|Any CPU.Build.0 = Release|Any CPU
	EndGlobalSection
	GlobalSection(SolutionProperties) = preSolution
		HideSolutionNode = FALSE
	EndGlobalSection
	GlobalSection(NestedProjects) = preSolution
		{D834544C-38C2-44EA-A5D2-1BA321681BF1} = {F8D34251-3EAF-447D-90B6-49C145FAFD5A}
		{705170E0-BFD3-44B0-8E98-2AC2189534AE} = {F8D34251-3EAF-447D-90B6-49C145FAFD5A}
		{770289E0-4BFD-4C19-9876-6DFDB35AF118} = {F8D34251-3EAF-447D-90B6-49C145FAFD5A}
		{8504B398-9265-4F49-AB4B-7B2E3C208F69} = {852ACA8A-C873-405F-9E88-223EB6DB38E4}
		{8E831BFA-9D00-4663-8D0F-7D1E118C3841} = {852ACA8A-C873-405F-9E88-223EB6DB38E4}
		{BA33D4F1-D118-4F07-91FD-6EBEFE4F3A3D} = {852ACA8A-C873-405F-9E88-223EB6DB38E4}
		{4B060859-FD92-44FA-BE65-E19424B094A7} = {E1B4EE39-E03B-4B8F-9235-4769ACE4225F}
		{BECC901F-4CFD-43F9-8479-8C2966BD1292} = {E1B4EE39-E03B-4B8F-9235-4769ACE4225F}
		{5F6E7215-2E38-4233-A410-88C9E7F99452} = {E1B4EE39-E03B-4B8F-9235-4769ACE4225F}
	EndGlobalSection
	GlobalSection(ExtensibilityGlobals) = postSolution
		SolutionGuid = {AB92A788-8700-43B6-9A00-F655F5864721}
	EndGlobalSection
EndGlobal
