
Microsoft Visual Studio Solution File, Format Version 12.00
# Visual Studio Version 16
VisualStudioVersion = 16.0.34031.81
MinimumVisualStudioVersion = 10.0.40219.1
Project("{2150E333-8FDC-42A3-9474-1A3956D46DE8}") = "Task0", "Task0", "{F8D34251-3EAF-447D-90B6-49C145FAFD5A}"
EndProject
Project("{FAE04EC0-301F-11D3-BF4B-00C04F79EFBC}") = "Tyuiu.AvaevaPD.Sprint5.Task0.V6", "Tyuiu.AvaevaPD.Sprint5.Task0.V6\Tyuiu.AvaevaPD.Sprint5.Task0.V6.csproj", "{D834544C-38C2-44EA-A5D2-1BA321681BF1}"
EndProject
Project("{FAE04EC0-301F-11D3-BF4B-00C04F79EFBC}") = "Tyuiu.AvaevaPD.Sprint5.Task0.V6.Lib", "Tyuiu.AvaevaPD.Sprint5.Task0.V6.Lib\Tyuiu.AvaevaPD.Sprint5.Task0.V6.Lib.csproj", "{705170E0-BFD3-44B0-8E98-2AC2189534AE}"
EndProject
Project("{FAE04EC0-301F-11D3-BF4B-00C04F79EFBC}") = "Tyuiu.AvaevaPD.Sprint5.Task0.V6.Test", "Tyuiu.AvaevaPD.Sprint5.Task0.V6.Test\Tyuiu.AvaevaPD.Sprint5.Task0.V6.Test.csproj", "{770289E0-4BFD-4C19-9876-6DFDB35AF118}"
EndProject
Project("{2150E333-8FDC-42A3-9474-1A3956D46DE8}") = "Task1", "Task1", "{852ACA8A-C873-405F-9E88-223EB6DB38E4}"
EndProject
Project("{FAE04EC0-301F-11D3-BF4B-00C04F79EFBC}") = "Tyuiu.AvaevaPD.Sprint5.Task1.V14", "Tyuiu.AvaevaPD.Sprint5.Task1.V14\Tyuiu.AvaevaPD.Sprint5.Task1.V14.csproj", "{8504B398-9265-4F49-AB4B-7B2E3C208F69}"
EndProject
Project("{FAE04EC0-301F-11D3-BF4B-00C04F79EFBC}") = "Tyuiu.AvaevaPD.Sprint5.Task1.V14.Lib", "Tyuiu.AvaevaPD.Sprint5.Task1.V14.Lib\Tyuiu.AvaevaPD.Sprint5.Task1.V14.Lib.csproj", "{8E831BFA-9D00-4663-8D0F-7D1E118C3841}"
EndProject
Project("{FAE04EC0-301F-11D3-BF4B-00C04F79EFBC}") = "Tyuiu.AvaevaPD.Sprint5.Task1.V14.Test", "Tyuiu.AvaevaPD.Sprint5.Task1.V14.Test\Tyuiu.AvaevaPD.Sprint5.Task1.V14.Test.csproj", "{BA33D4F1-D118-4F07-91FD-6EBEFE4F3A3D}"
EndProject
Project("{2150E333-8FDC-42A3-9474-1A3956D46DE8}") = "Task2", "Task2", "{E1B4EE39-E03B-4B8F-9235-4769ACE4225F}"
EndProject
Project("{FAE04EC0-301F-11D3-BF4B-00C04F79EFBC}") = "Tyuiu.AvaevaPD.Sprint5.Task2.V13", "Tyuiu.AvaevaPD.Sprint5.Task2.V13\Tyuiu.AvaevaPD.Sprint5.Task2.V13.csproj", "{4B060859-FD92-44FA-BE65-E19424B094A7}"
EndProject
Project("{FAE04EC0-301F-11D3-BF4B-00C04F79EFBC}") = "Tyuiu.AvaevaPD.Sprint5.Task2.V13.Lib", "Tyuiu.AvaevaPD.Sprint5.Task2.V13.Lib\Tyuiu.AvaevaPD.Sprint5.Task2.V13.Lib.csproj", "{BECC901F-4CFD-43F9-8479-8C2966BD1292}"
EndProject
Project("{FAE04EC0-301F-11D3-BF4B-00C04F79EFBC}") = "Tyuiu.AvaevaPD.Sprint5.Task2.V13.Test", "Tyuiu.AvaevaPD.Sprint5.Task2.V13.Test\Tyuiu.AvaevaPD.Sprint5.Task2.V13.Test.csproj", "{5F6E7215-2E38-4233-A410-88C9E7F99452}"
EndProject
Project("{2150E333-8FDC-42A3-9474-1A3956D46DE8}") = "Task3", "Task3", "{A66DDB3B-4C2F-4CE2-ACA8-507177DE6318}"
EndProject
Project("{FAE04EC0-301F-11D3-BF4B-00C04F79EFBC}") = "Tyuiu.AvaevaPD.Sprint5.Task3.V10", "Tyuiu.AvaevaPD.Sprint5.Task3.V10\Tyuiu.AvaevaPD.Sprint5.Task3.V10.csproj", "{DBEF452E-E325-4837-852B-68E52A97B9B7}"
EndProject
Project("{FAE04EC0-301F-11D3-BF4B-00C04F79EFBC}") = "Tyuiu.AvaevaPD.Sprint5.Task3.V10.Lib", "Tyuiu.AvaevaPD.Sprint5.Task3.V10.Lib\Tyuiu.AvaevaPD.Sprint5.Task3.V10.Lib.csproj", "{0D2E4526-D2E6-4FFF-A20F-4D6CAD199102}"
EndProject
Project("{FAE04EC0-301F-11D3-BF4B-00C04F79EFBC}") = "Tyuiu.AvaevaPD.Sprint5.Task3.V10.Test", "Tyuiu.AvaevaPD.Sprint5.Task3.V10.Test\Tyuiu.AvaevaPD.Sprint5.Task3.V10.Test.csproj", "{BBDF2A81-2500-4079-81F9-B9CB504B52E3}"
EndProject
Project("{2150E333-8FDC-42A3-9474-1A3956D46DE8}") = "Task4", "Task4", "{49508CF9-4478-4C45-85FF-88DEC60258E3}"
EndProject
Project("{FAE04EC0-301F-11D3-BF4B-00C04F79EFBC}") = "Tyuiu.AvaevaPD.Sprint5.Task4.V22", "Tyuiu.AvaevaPD.Sprint5.Task4.V22\Tyuiu.AvaevaPD.Sprint5.Task4.V22.csproj", "{7E7B01B2-24B9-4EC9-9176-6C1AEDB362BE}"
EndProject
Project("{FAE04EC0-301F-11D3-BF4B-00C04F79EFBC}") = "Tyuiu.AvaevaPD.Sprint5.Task4.V22.Lib", "Tyuiu.AvaevaPD.Sprint5.Task4.V22.Lib\Tyuiu.AvaevaPD.Sprint5.Task4.V22.Lib.csproj", "{E58D6AB4-F567-47C4-B27C-97B60D0DC8E7}"
EndProject
Project("{FAE04EC0-301F-11D3-BF4B-00C04F79EFBC}") = "Tyuiu.AvaevaPD.Sprint5.Task4.V22.Test", "Tyuiu.AvaevaPD.Sprint5.Task4.V22.Test\Tyuiu.AvaevaPD.Sprint5.Task4.V22.Test.csproj", "{29ABA987-1501-4E72-9C33-C61A5F92C6E0}"
EndProject
Project("{2150E333-8FDC-42A3-9474-1A3956D46DE8}") = "Task5", "Task5", "{916E1A5B-5737-4DCC-9145-FDFE22FA1AE7}"
EndProject
Project("{FAE04EC0-301F-11D3-BF4B-00C04F79EFBC}") = "Tyuiu.AvaevaPD.Sprint5.Task5.V27", "Tyuiu.AvaevaPD.Sprint5.Task5.V27\Tyuiu.AvaevaPD.Sprint5.Task5.V27.csproj", "{72D7A01E-844C-4257-8B33-57A5A5956F83}"
EndProject
Project("{FAE04EC0-301F-11D3-BF4B-00C04F79EFBC}") = "Tyuiu.AvaevaPD.Sprint5.Task5.V27.Lib", "Tyuiu.AvaevaPD.Sprint5.Task5.V27.Lib\Tyuiu.AvaevaPD.Sprint5.Task5.V27.Lib.csproj", "{FC737A74-0157-4F85-A369-02A6BB0E0973}"
EndProject
Project("{FAE04EC0-301F-11D3-BF4B-00C04F79EFBC}") = "Tyuiu.AvaevaPD.Sprint5.Task5.V27.Test", "Tyuiu.AvaevaPD.Sprint5.Task5.V27.Test\Tyuiu.AvaevaPD.Sprint5.Task5.V27.Test.csproj", "{3848BB71-E816-4452-BA89-392C1CA17134}"
EndProject
Project("{2150E333-8FDC-42A3-9474-1A3956D46DE8}") = "Task6", "Task6", "{9C20CC95-B72A-4FBD-AFCC-8D77183DDA40}"
EndProject
Project("{FAE04EC0-301F-11D3-BF4B-00C04F79EFBC}") = "Tyuiu.AvaevaPD.Sprint5.Task6.V28", "Tyuiu.AvaevaPD.Sprint5.Task6.V28\Tyuiu.AvaevaPD.Sprint5.Task6.V28.csproj", "{E55079D4-6675-4C6C-967B-2AF2E95740C7}"
EndProject
Project("{FAE04EC0-301F-11D3-BF4B-00C04F79EFBC}") = "Tyuiu.AvaevaPD.Sprint5.Task6.V28.Lib", "Tyuiu.AvaevaPD.Sprint5.Task6.V28.Lib\Tyuiu.AvaevaPD.Sprint5.Task6.V28.Lib.csproj", "{07B53231-AB05-47A2-ACF0-D6D1ECAFCA74}"
EndProject
Project("{FAE04EC0-301F-11D3-BF4B-00C04F79EFBC}") = "Tyuiu.AvaevaPD.Sprint5.Task6.V28.Test", "Tyuiu.AvaevaPD.Sprint5.Task6.V28.Test\Tyuiu.AvaevaPD.Sprint5.Task6.V28.Test.csproj", "{D25901B8-D2CC-45CB-A945-8B81387392E7}"
EndProject
Project("{2150E333-8FDC-42A3-9474-1A3956D46DE8}") = "Task7", "Task7", "{1DF8CDEF-5A23-4412-A308-0ED9F4854878}"
EndProject
Project("{FAE04EC0-301F-11D3-BF4B-00C04F79EFBC}") = "Tyuiu.AvaevaPD.Sprint5.Task7.V8", "Tyuiu.AvaevaPD.Sprint5.Task7.V8\Tyuiu.AvaevaPD.Sprint5.Task7.V8.csproj", "{E95189D3-A34E-4251-BD2E-8C20CB386A39}"
EndProject
Project("{FAE04EC0-301F-11D3-BF4B-00C04F79EFBC}") = "Tyuiu.AvaevaPD.Sprint5.Task7.V8.Lib", "Tyuiu.AvaevaPD.Sprint5.Task7.V8.Lib\Tyuiu.AvaevaPD.Sprint5.Task7.V8.Lib.csproj", "{AB72290F-23BE-4EC2-82DE-33F6A36FA1FB}"
EndProject
Project("{FAE04EC0-301F-11D3-BF4B-00C04F79EFBC}") = "Tyuiu.AvaevaPD.Sprint5.Task7.V8.Test", "Tyuiu.AvaevaPD.Sprint5.Task7.V8.Test\Tyuiu.AvaevaPD.Sprint5.Task7.V8.Test.csproj", "{94AC3568-7E53-476D-9999-5BBE85B148E3}"
EndProject
Global
	GlobalSection(SolutionConfigurationPlatforms) = preSolution
		Debug|Any CPU = Debug|Any CPU
		Release|Any CPU = Release|Any CPU
	EndGlobalSection
	GlobalSection(ProjectConfigurationPlatforms) = postSolution
		{D834544C-38C2-44EA-A5D2-1BA321681BF1}.Debug|Any CPU.ActiveCfg = Debug|Any CPU
		{D834544C-38C2-44EA-A5D2-1BA321681BF1}.Debug|Any CPU.Build.0 = Debug|Any CPU
		{D834544C-38C2-44EA-A5D2-1BA321681BF1}.Release|Any CPU.ActiveCfg = Release|Any CPU
		{D834544C-38C2-44EA-A5D2-1BA321681BF1}.Release|Any CPU.Build.0 = Release|Any CPU
		{705170E0-BFD3-44B0-8E98-2AC2189534AE}.Debug|Any CPU.ActiveCfg = Debug|Any CPU
		{705170E0-BFD3-44B0-8E98-2AC2189534AE}.Debug|Any CPU.Build.0 = Debug|Any CPU
		{705170E0-BFD3-44B0-8E98-2AC2189534AE}.Release|Any CPU.ActiveCfg = Release|Any CPU
		{705170E0-BFD3-44B0-8E98-2AC2189534AE}.Release|Any CPU.Build.0 = Release|Any CPU
		{770289E0-4BFD-4C19-9876-6DFDB35AF118}.Debug|Any CPU.ActiveCfg = Debug|Any CPU
		{770289E0-4BFD-4C19-9876-6DFDB35AF118}.Debug|Any CPU.Build.0 = Debug|Any CPU
		{770289E0-4BFD-4C19-9876-6DFDB35AF118}.Release|Any CPU.ActiveCfg = Release|Any CPU
		{770289E0-4BFD-4C19-9876-6DFDB35AF118}.Release|Any CPU.Build.0 = Release|Any CPU
		{8504B398-9265-4F49-AB4B-7B2E3C208F69}.Debug|Any CPU.ActiveCfg = Debug|Any CPU
		{8504B398-9265-4F49-AB4B-7B2E3C208F69}.Debug|Any CPU.Build.0 = Debug|Any CPU
		{8504B398-9265-4F49-AB4B-7B2E3C208F69}.Release|Any CPU.ActiveCfg = Release|Any CPU
		{8504B398-9265-4F49-AB4B-7B2E3C208F69}.Release|Any CPU.Build.0 = Release|Any CPU
		{8E831BFA-9D00-4663-8D0F-7D1E118C3841}.Debug|Any CPU.ActiveCfg = Debug|Any CPU
		{8E831BFA-9D00-4663-8D0F-7D1E118C3841}.Debug|Any CPU.Build.0 = Debug|Any CPU
		{8E831BFA-9D00-4663-8D0F-7D1E118C3841}.Release|Any CPU.ActiveCfg = Release|Any CPU
		{8E831BFA-9D00-4663-8D0F-7D1E118C3841}.Release|Any CPU.Build.0 = Release|Any CPU
		{BA33D4F1-D118-4F07-91FD-6EBEFE4F3A3D}.Debug|Any CPU.ActiveCfg = Debug|Any CPU
		{BA33D4F1-D118-4F07-91FD-6EBEFE4F3A3D}.Debug|Any CPU.Build.0 = Debug|Any CPU
		{BA33D4F1-D118-4F07-91FD-6EBEFE4F3A3D}.Release|Any CPU.ActiveCfg = Release|Any CPU
		{BA33D4F1-D118-4F07-91FD-6EBEFE4F3A3D}.Release|Any CPU.Build.0 = Release|Any CPU
		{4B060859-FD92-44FA-BE65-E19424B094A7}.Debug|Any CPU.ActiveCfg = Debug|Any CPU
		{4B060859-FD92-44FA-BE65-E19424B094A7}.Debug|Any CPU.Build.0 = Debug|Any CPU
		{4B060859-FD92-44FA-BE65-E19424B094A7}.Release|Any CPU.ActiveCfg = Release|Any CPU
		{4B060859-FD92-44FA-BE65-E19424B094A7}.Release|Any CPU.Build.0 = Release|Any CPU
		{BECC901F-4CFD-43F9-8479-8C2966BD1292}.Debug|Any CPU.ActiveCfg = Debug|Any CPU
		{BECC901F-4CFD-43F9-8479-8C2966BD1292}.Debug|Any CPU.Build.0 = Debug|Any CPU
		{BECC901F-4CFD-43F9-8479-8C2966BD1292}.Release|Any CPU.ActiveCfg = Release|Any CPU
		{BECC901F-4CFD-43F9-8479-8C2966BD1292}.Release|Any CPU.Build.0 = Release|Any CPU
		{5F6E7215-2E38-4233-A410-88C9E7F99452}.Debug|Any CPU.ActiveCfg = Debug|Any CPU
		{5F6E7215-2E38-4233-A410-88C9E7F99452}.Debug|Any CPU.Build.0 = Debug|Any CPU
		{5F6E7215-2E38-4233-A410-88C9E7F99452}.Release|Any CPU.ActiveCfg = Release|Any CPU
		{5F6E7215-2E38-4233-A410-88C9E7F99452}.Release|Any CPU.Build.0 = Release|Any CPU
		{DBEF452E-E325-4837-852B-68E52A97B9B7}.Debug|Any CPU.ActiveCfg = Debug|Any CPU
		{DBEF452E-E325-4837-852B-68E52A97B9B7}.Debug|Any CPU.Build.0 = Debug|Any CPU
		{DBEF452E-E325-4837-852B-68E52A97B9B7}.Release|Any CPU.ActiveCfg = Release|Any CPU
		{DBEF452E-E325-4837-852B-68E52A97B9B7}.Release|Any CPU.Build.0 = Release|Any CPU
		{0D2E4526-D2E6-4FFF-A20F-4D6CAD199102}.Debug|Any CPU.ActiveCfg = Debug|Any CPU
		{0D2E4526-D2E6-4FFF-A20F-4D6CAD199102}.Debug|Any CPU.Build.0 = Debug|Any CPU
		{0D2E4526-D2E6-4FFF-A20F-4D6CAD199102}.Release|Any CPU.ActiveCfg = Release|Any CPU
		{0D2E4526-D2E6-4FFF-A20F-4D6CAD199102}.Release|Any CPU.Build.0 = Release|Any CPU
		{BBDF2A81-2500-4079-81F9-B9CB504B52E3}.Debug|Any CPU.ActiveCfg = Debug|Any CPU
		{BBDF2A81-2500-4079-81F9-B9CB504B52E3}.Debug|Any CPU.Build.0 = Debug|Any CPU
		{BBDF2A81-2500-4079-81F9-B9CB504B52E3}.Release|Any CPU.ActiveCfg = Release|Any CPU
		{BBDF2A81-2500-4079-81F9-B9CB504B52E3}.Release|Any CPU.Build.0 = Release|Any CPU
		{7E7B01B2-24B9-4EC9-9176-6C1AEDB362BE}.Debug|Any CPU.ActiveCfg = Debug|Any CPU
		{7E7B01B2-24B9-4EC9-9176-6C1AEDB362BE}.Debug|Any CPU.Build.0 = Debug|Any CPU
		{7E7B01B2-24B9-4EC9-9176-6C1AEDB362BE}.Release|Any CPU.ActiveCfg = Release|Any CPU
		{7E7B01B2-24B9-4EC9-9176-6C1AEDB362BE}.Release|Any CPU.Build.0 = Release|Any CPU
		{E58D6AB4-F567-47C4-B27C-97B60D0DC8E7}.Debug|Any CPU.ActiveCfg = Debug|Any CPU
		{E58D6AB4-F567-47C4-B27C-97B60D0DC8E7}.Debug|Any CPU.Build.0 = Debug|Any CPU
		{E58D6AB4-F567-47C4-B27C-97B60D0DC8E7}.Release|Any CPU.ActiveCfg = Release|Any CPU
		{E58D6AB4-F567-47C4-B27C-97B60D0DC8E7}.Release|Any CPU.Build.0 = Release|Any CPU
		{29ABA987-1501-4E72-9C33-C61A5F92C6E0}.Debug|Any CPU.ActiveCfg = Debug|Any CPU
		{29ABA987-1501-4E72-9C33-C61A5F92C6E0}.Debug|Any CPU.Build.0 = Debug|Any CPU
		{29ABA987-1501-4E72-9C33-C61A5F92C6E0}.Release|Any CPU.ActiveCfg = Release|Any CPU
		{29ABA987-1501-4E72-9C33-C61A5F92C6E0}.Release|Any CPU.Build.0 = Release|Any CPU
		{72D7A01E-844C-4257-8B33-57A5A5956F83}.Debug|Any CPU.ActiveCfg = Debug|Any CPU
		{72D7A01E-844C-4257-8B33-57A5A5956F83}.Debug|Any CPU.Build.0 = Debug|Any CPU
		{72D7A01E-844C-4257-8B33-57A5A5956F83}.Release|Any CPU.ActiveCfg = Release|Any CPU
		{72D7A01E-844C-4257-8B33-57A5A5956F83}.Release|Any CPU.Build.0 = Release|Any CPU
		{FC737A74-0157-4F85-A369-02A6BB0E0973}.Debug|Any CPU.ActiveCfg = Debug|Any CPU
		{FC737A74-0157-4F85-A369-02A6BB0E0973}.Debug|Any CPU.Build.0 = Debug|Any CPU
		{FC737A74-0157-4F85-A369-02A6BB0E0973}.Release|Any CPU.ActiveCfg = Release|Any CPU
		{FC737A74-0157-4F85-A369-02A6BB0E0973}.Release|Any CPU.Build.0 = Release|Any CPU
		{3848BB71-E816-4452-BA89-392C1CA17134}.Debug|Any CPU.ActiveCfg = Debug|Any CPU
		{3848BB71-E816-4452-BA89-392C1CA17134}.Debug|Any CPU.Build.0 = Debug|Any CPU
		{3848BB71-E816-4452-BA89-392C1CA17134}.Release|Any CPU.ActiveCfg = Release|Any CPU
		{3848BB71-E816-4452-BA89-392C1CA17134}.Release|Any CPU.Build.0 = Release|Any CPU
		{E55079D4-6675-4C6C-967B-2AF2E95740C7}.Debug|Any CPU.ActiveCfg = Debug|Any CPU
		{E55079D4-6675-4C6C-967B-2AF2E95740C7}.Debug|Any CPU.Build.0 = Debug|Any CPU
		{E55079D4-6675-4C6C-967B-2AF2E95740C7}.Release|Any CPU.ActiveCfg = Release|Any CPU
		{E55079D4-6675-4C6C-967B-2AF2E95740C7}.Release|Any CPU.Build.0 = Release|Any CPU
		{07B53231-AB05-47A2-ACF0-D6D1ECAFCA74}.Debug|Any CPU.ActiveCfg = Debug|Any CPU
		{07B53231-AB05-47A2-ACF0-D6D1ECAFCA74}.Debug|Any CPU.Build.0 = Debug|Any CPU
		{07B53231-AB05-47A2-ACF0-D6D1ECAFCA74}.Release|Any CPU.ActiveCfg = Release|Any CPU
		{07B53231-AB05-47A2-ACF0-D6D1ECAFCA74}.Release|Any CPU.Build.0 = Release|Any CPU
		{D25901B8-D2CC-45CB-A945-8B81387392E7}.Debug|Any CPU.ActiveCfg = Debug|Any CPU
		{D25901B8-D2CC-45CB-A945-8B81387392E7}.Debug|Any CPU.Build.0 = Debug|Any CPU
		{D25901B8-D2CC-45CB-A945-8B81387392E7}.Release|Any CPU.ActiveCfg = Release|Any CPU
		{D25901B8-D2CC-45CB-A945-8B81387392E7}.Release|Any CPU.Build.0 = Release|Any CPU
		{E95189D3-A34E-4251-BD2E-8C20CB386A39}.Debug|Any CPU.ActiveCfg = Debug|Any CPU
		{E95189D3-A34E-4251-BD2E-8C20CB386A39}.Debug|Any CPU.Build.0 = Debug|Any CPU
		{E95189D3-A34E-4251-BD2E-8C20CB386A39}.Release|Any CPU.ActiveCfg = Release|Any CPU
		{E95189D3-A34E-4251-BD2E-8C20CB386A39}.Release|Any CPU.Build.0 = Release|Any CPU
		{AB72290F-23BE-4EC2-82DE-33F6A36FA1FB}.Debug|Any CPU.ActiveCfg = Debug|Any CPU
		{AB72290F-23BE-4EC2-82DE-33F6A36FA1FB}.Debug|Any CPU.Build.0 = Debug|Any CPU
		{AB72290F-23BE-4EC2-82DE-33F6A36FA1FB}.Release|Any CPU.ActiveCfg = Release|Any CPU
		{AB72290F-23BE-4EC2-82DE-33F6A36FA1FB}.Release|Any CPU.Build.0 = Release|Any CPU
		{94AC3568-7E53-476D-9999-5BBE85B148E3}.Debug|Any CPU.ActiveCfg = Debug|Any CPU
		{94AC3568-7E53-476D-9999-5BBE85B148E3}.Debug|Any CPU.Build.0 = Debug|Any CPU
		{94AC3568-7E53-476D-9999-5BBE85B148E3}.Release|Any CPU.ActiveCfg = Release|Any CPU
		{94AC3568-7E53-476D-9999-5BBE85B148E3}.Release|Any CPU.Build.0 = Release|Any CPU
	EndGlobalSection
	GlobalSection(SolutionProperties) = preSolution
		HideSolutionNode = FALSE
	EndGlobalSection
	GlobalSection(NestedProjects) = preSolution
		{D834544C-38C2-44EA-A5D2-1BA321681BF1} = {F8D34251-3EAF-447D-90B6-49C145FAFD5A}
		{705170E0-BFD3-44B0-8E98-2AC2189534AE} = {F8D34251-3EAF-447D-90B6-49C145FAFD5A}
		{770289E0-4BFD-4C19-9876-6DFDB35AF118} = {F8D34251-3EAF-447D-90B6-49C145FAFD5A}
		{8504B398-9265-4F49-AB4B-7B2E3C208F69} = {852ACA8A-C873-405F-9E88-223EB6DB38E4}
		{8E831BFA-9D00-4663-8D0F-7D1E118C3841} = {852ACA8A-C873-405F-9E88-223EB6DB38E4}
		{BA33D4F1-D118-4F07-91FD-6EBEFE4F3A3D} = {852ACA8A-C873-405F-9E88-223EB6DB38E4}
		{4B060859-FD92-44FA-BE65-E19424B094A7} = {E1B4EE39-E03B-4B8F-9235-4769ACE4225F}
		{BECC901F-4CFD-43F9-8479-8C2966BD1292} = {E1B4EE39-E03B-4B8F-9235-4769ACE4225F}
		{5F6E7215-2E38-4233-A410-88C9E7F99452} = {E1B4EE39-E03B-4B8F-9235-4769ACE4225F}
		{DBEF452E-E325-4837-852B-68E52A97B9B7} = {A66DDB3B-4C2F-4CE2-ACA8-507177DE6318}
		{0D2E4526-D2E6-4FFF-A20F-4D6CAD199102} = {A66DDB3B-4C2F-4CE2-ACA8-507177DE6318}
		{BBDF2A81-2500-4079-81F9-B9CB504B52E3} = {A66DDB3B-4C2F-4CE2-ACA8-507177DE6318}
		{7E7B01B2-24B9-4EC9-9176-6C1AEDB362BE} = {49508CF9-4478-4C45-85FF-88DEC60258E3}
		{E58D6AB4-F567-47C4-B27C-97B60D0DC8E7} = {49508CF9-4478-4C45-85FF-88DEC60258E3}
		{29ABA987-1501-4E72-9C33-C61A5F92C6E0} = {49508CF9-4478-4C45-85FF-88DEC60258E3}
		{72D7A01E-844C-4257-8B33-57A5A5956F83} = {916E1A5B-5737-4DCC-9145-FDFE22FA1AE7}
		{FC737A74-0157-4F85-A369-02A6BB0E0973} = {916E1A5B-5737-4DCC-9145-FDFE22FA1AE7}
		{3848BB71-E816-4452-BA89-392C1CA17134} = {916E1A5B-5737-4DCC-9145-FDFE22FA1AE7}
		{E55079D4-6675-4C6C-967B-2AF2E95740C7} = {9C20CC95-B72A-4FBD-AFCC-8D77183DDA40}
		{07B53231-AB05-47A2-ACF0-D6D1ECAFCA74} = {9C20CC95-B72A-4FBD-AFCC-8D77183DDA40}
		{D25901B8-D2CC-45CB-A945-8B81387392E7} = {9C20CC95-B72A-4FBD-AFCC-8D77183DDA40}
		{E95189D3-A34E-4251-BD2E-8C20CB386A39} = {1DF8CDEF-5A23-4412-A308-0ED9F4854878}
		{AB72290F-23BE-4EC2-82DE-33F6A36FA1FB} = {1DF8CDEF-5A23-4412-A308-0ED9F4854878}
		{94AC3568-7E53-476D-9999-5BBE85B148E3} = {1DF8CDEF-5A23-4412-A308-0ED9F4854878}
	EndGlobalSection
	GlobalSection(ExtensibilityGlobals) = postSolution
		SolutionGuid = {AB92A788-8700-43B6-9A00-F655F5864721}
	EndGlobalSection
EndGlobal
